// !$*UTF8*$!
{
	archiveVersion = 1;
	classes = {
	};
	objectVersion = 46;
	objects = {

/* Begin PBXBuildFile section */
		7BEE03E0EB5EC3C0C9BBBC87 /* MHRequest.m in Sources */ = {isa = PBXBuildFile; fileRef = 7BEE065AFE65095DD226ADEE /* MHRequest.m */; };
		7BEE0A48AD8DF58C24A6C0AE /* MHSonoraListener.m in Sources */ = {isa = PBXBuildFile; fileRef = 7BEE016A29F25279C3A17FB9 /* MHSonoraListener.m */; };
		C99F273C17559B8B00720C95 /* Cocoa.framework in Frameworks */ = {isa = PBXBuildFile; fileRef = C99F273B17559B8B00720C95 /* Cocoa.framework */; };
		C99F274617559B8B00720C95 /* InfoPlist.strings in Resources */ = {isa = PBXBuildFile; fileRef = C99F274417559B8B00720C95 /* InfoPlist.strings */; };
		C99F274817559B8B00720C95 /* main.m in Sources */ = {isa = PBXBuildFile; fileRef = C99F274717559B8B00720C95 /* main.m */; };
		C99F274C17559B8B00720C95 /* Credits.rtf in Resources */ = {isa = PBXBuildFile; fileRef = C99F274A17559B8B00720C95 /* Credits.rtf */; };
		C99F274F17559B8B00720C95 /* MHAppDelegate.m in Sources */ = {isa = PBXBuildFile; fileRef = C99F274E17559B8B00720C95 /* MHAppDelegate.m */; };
		C99F275617559B9500720C95 /* ScriptingBridge.framework in Frameworks */ = {isa = PBXBuildFile; fileRef = C99F273117558F9700720C95 /* ScriptingBridge.framework */; };
		C99F275717559C9200720C95 /* MHiTunesListener.m in Sources */ = {isa = PBXBuildFile; fileRef = C99F2734175590BD00720C95 /* MHiTunesListener.m */; };
/* End PBXBuildFile section */

/* Begin PBXFileReference section */
		7BEE016A29F25279C3A17FB9 /* MHSonoraListener.m */ = {isa = PBXFileReference; fileEncoding = 4; lastKnownFileType = sourcecode.c.objc; path = MHSonoraListener.m; sourceTree = "<group>"; };
		7BEE04F3C9BFF1DB965E6943 /* MHSonoraListener.h */ = {isa = PBXFileReference; fileEncoding = 4; lastKnownFileType = sourcecode.c.h; path = MHSonoraListener.h; sourceTree = "<group>"; };
		7BEE065AFE65095DD226ADEE /* MHRequest.m */ = {isa = PBXFileReference; fileEncoding = 4; lastKnownFileType = sourcecode.c.objc; path = MHRequest.m; sourceTree = "<group>"; };
		7BEE0A8C3CCFEC988AF2F55B /* MHRequest.h */ = {isa = PBXFileReference; fileEncoding = 4; lastKnownFileType = sourcecode.c.h; path = MHRequest.h; sourceTree = "<group>"; };
		C99F272117558E6A00720C95 /* Foundation.framework */ = {isa = PBXFileReference; lastKnownFileType = wrapper.framework; name = Foundation.framework; path = System/Library/Frameworks/Foundation.framework; sourceTree = SDKROOT; };
		C99F273017558E9B00720C95 /* iTunes.h */ = {isa = PBXFileReference; lastKnownFileType = sourcecode.c.h; path = iTunes.h; sourceTree = "<group>"; };
		C99F273117558F9700720C95 /* ScriptingBridge.framework */ = {isa = PBXFileReference; lastKnownFileType = wrapper.framework; name = ScriptingBridge.framework; path = System/Library/Frameworks/ScriptingBridge.framework; sourceTree = SDKROOT; };
		C99F2733175590BD00720C95 /* MHiTunesListener.h */ = {isa = PBXFileReference; fileEncoding = 4; lastKnownFileType = sourcecode.c.h; path = MHiTunesListener.h; sourceTree = "<group>"; };
		C99F2734175590BD00720C95 /* MHiTunesListener.m */ = {isa = PBXFileReference; fileEncoding = 4; lastKnownFileType = sourcecode.c.objc; path = MHiTunesListener.m; sourceTree = "<group>"; };
		C99F273A17559B8B00720C95 /* MusicHUD.app */ = {isa = PBXFileReference; explicitFileType = wrapper.application; includeInIndex = 0; path = MusicHUD.app; sourceTree = BUILT_PRODUCTS_DIR; };
		C99F273B17559B8B00720C95 /* Cocoa.framework */ = {isa = PBXFileReference; lastKnownFileType = wrapper.framework; name = Cocoa.framework; path = System/Library/Frameworks/Cocoa.framework; sourceTree = SDKROOT; };
		C99F273E17559B8B00720C95 /* AppKit.framework */ = {isa = PBXFileReference; lastKnownFileType = wrapper.framework; name = AppKit.framework; path = System/Library/Frameworks/AppKit.framework; sourceTree = SDKROOT; };
		C99F273F17559B8B00720C95 /* CoreData.framework */ = {isa = PBXFileReference; lastKnownFileType = wrapper.framework; name = CoreData.framework; path = System/Library/Frameworks/CoreData.framework; sourceTree = SDKROOT; };
		C99F274017559B8B00720C95 /* Foundation.framework */ = {isa = PBXFileReference; lastKnownFileType = wrapper.framework; name = Foundation.framework; path = System/Library/Frameworks/Foundation.framework; sourceTree = SDKROOT; };
		C99F274317559B8B00720C95 /* MusicHUD-Info.plist */ = {isa = PBXFileReference; lastKnownFileType = text.plist.xml; path = "MusicHUD-Info.plist"; sourceTree = "<group>"; };
		C99F274517559B8B00720C95 /* en */ = {isa = PBXFileReference; lastKnownFileType = text.plist.strings; name = en; path = en.lproj/InfoPlist.strings; sourceTree = "<group>"; };
		C99F274717559B8B00720C95 /* main.m */ = {isa = PBXFileReference; lastKnownFileType = sourcecode.c.objc; path = main.m; sourceTree = "<group>"; };
		C99F274917559B8B00720C95 /* MusicHUD-Prefix.pch */ = {isa = PBXFileReference; lastKnownFileType = sourcecode.c.h; path = "MusicHUD-Prefix.pch"; sourceTree = "<group>"; };
		C99F274B17559B8B00720C95 /* en */ = {isa = PBXFileReference; lastKnownFileType = text.rtf; name = en; path = en.lproj/Credits.rtf; sourceTree = "<group>"; };
		C99F274D17559B8B00720C95 /* MHAppDelegate.h */ = {isa = PBXFileReference; lastKnownFileType = sourcecode.c.h; path = MHAppDelegate.h; sourceTree = "<group>"; };
		C99F274E17559B8B00720C95 /* MHAppDelegate.m */ = {isa = PBXFileReference; lastKnownFileType = sourcecode.c.objc; path = MHAppDelegate.m; sourceTree = "<group>"; };
		C9BBCF481756BDF7007CFEED /* Sonora.h */ = {isa = PBXFileReference; lastKnownFileType = sourcecode.c.h; path = Sonora.h; sourceTree = "<group>"; };
/* End PBXFileReference section */

/* Begin PBXFrameworksBuildPhase section */
		C99F273717559B8B00720C95 /* Frameworks */ = {
			isa = PBXFrameworksBuildPhase;
			buildActionMask = 2147483647;
			files = (
				C99F275617559B9500720C95 /* ScriptingBridge.framework in Frameworks */,
				C99F273C17559B8B00720C95 /* Cocoa.framework in Frameworks */,
			);
			runOnlyForDeploymentPostprocessing = 0;
		};
/* End PBXFrameworksBuildPhase section */

/* Begin PBXGroup section */
		C99F271517558E6A00720C95 = {
			isa = PBXGroup;
			children = (
				C99F274117559B8B00720C95 /* MusicHUD */,
				C99F272017558E6A00720C95 /* Frameworks */,
				C99F271F17558E6A00720C95 /* Products */,
			);
			sourceTree = "<group>";
		};
		C99F271F17558E6A00720C95 /* Products */ = {
			isa = PBXGroup;
			children = (
				C99F273A17559B8B00720C95 /* MusicHUD.app */,
			);
			name = Products;
			sourceTree = "<group>";
		};
		C99F272017558E6A00720C95 /* Frameworks */ = {
			isa = PBXGroup;
			children = (
				C99F273117558F9700720C95 /* ScriptingBridge.framework */,
				C99F272117558E6A00720C95 /* Foundation.framework */,
				C99F273B17559B8B00720C95 /* Cocoa.framework */,
				C99F273D17559B8B00720C95 /* Other Frameworks */,
			);
			name = Frameworks;
			sourceTree = "<group>";
		};
		C99F273D17559B8B00720C95 /* Other Frameworks */ = {
			isa = PBXGroup;
			children = (
				C99F273E17559B8B00720C95 /* AppKit.framework */,
				C99F273F17559B8B00720C95 /* CoreData.framework */,
				C99F274017559B8B00720C95 /* Foundation.framework */,
			);
			name = "Other Frameworks";
			sourceTree = "<group>";
		};
		C99F274117559B8B00720C95 /* MusicHUD */ = {
			isa = PBXGroup;
			children = (
				C9BBCF481756BDF7007CFEED /* Sonora.h */,
				C99F273017558E9B00720C95 /* iTunes.h */,
				C99F2733175590BD00720C95 /* MHiTunesListener.h */,
				C99F2734175590BD00720C95 /* MHiTunesListener.m */,
				C99F274D17559B8B00720C95 /* MHAppDelegate.h */,
				C99F274E17559B8B00720C95 /* MHAppDelegate.m */,
				C99F274217559B8B00720C95 /* Supporting Files */,
				7BEE016A29F25279C3A17FB9 /* MHSonoraListener.m */,
				7BEE04F3C9BFF1DB965E6943 /* MHSonoraListener.h */,
				7BEE065AFE65095DD226ADEE /* MHRequest.m */,
				7BEE0A8C3CCFEC988AF2F55B /* MHRequest.h */,
			);
			path = MusicHUD;
			sourceTree = "<group>";
		};
		C99F274217559B8B00720C95 /* Supporting Files */ = {
			isa = PBXGroup;
			children = (
				C99F274317559B8B00720C95 /* MusicHUD-Info.plist */,
				C99F274417559B8B00720C95 /* InfoPlist.strings */,
				C99F274717559B8B00720C95 /* main.m */,
				C99F274917559B8B00720C95 /* MusicHUD-Prefix.pch */,
				C99F274A17559B8B00720C95 /* Credits.rtf */,
			);
			name = "Supporting Files";
			sourceTree = "<group>";
		};
/* End PBXGroup section */

/* Begin PBXNativeTarget section */
		C99F273917559B8B00720C95 /* MusicHUD */ = {
			isa = PBXNativeTarget;
			buildConfigurationList = C99F275317559B8B00720C95 /* Build configuration list for PBXNativeTarget "MusicHUD" */;
			buildPhases = (
				C99F273617559B8B00720C95 /* Sources */,
				C99F273717559B8B00720C95 /* Frameworks */,
				C99F273817559B8B00720C95 /* Resources */,
			);
			buildRules = (
			);
			dependencies = (
			);
			name = MusicHUD;
			productName = MusicHUD;
			productReference = C99F273A17559B8B00720C95 /* MusicHUD.app */;
			productType = "com.apple.product-type.application";
		};
/* End PBXNativeTarget section */

/* Begin PBXProject section */
		C99F271617558E6A00720C95 /* Project object */ = {
			isa = PBXProject;
			attributes = {
				LastUpgradeCheck = 0460;
				ORGANIZATIONNAME = "Katherine Whitlock";
			};
			buildConfigurationList = C99F271917558E6A00720C95 /* Build configuration list for PBXProject "MusicHUD" */;
			compatibilityVersion = "Xcode 3.2";
			developmentRegion = English;
			hasScannedForEncodings = 0;
			knownRegions = (
				en,
			);
			mainGroup = C99F271517558E6A00720C95;
			productRefGroup = C99F271F17558E6A00720C95 /* Products */;
			projectDirPath = "";
			projectRoot = "";
			targets = (
				C99F273917559B8B00720C95 /* MusicHUD */,
			);
		};
/* End PBXProject section */

/* Begin PBXResourcesBuildPhase section */
		C99F273817559B8B00720C95 /* Resources */ = {
			isa = PBXResourcesBuildPhase;
			buildActionMask = 2147483647;
			files = (
				C99F274617559B8B00720C95 /* InfoPlist.strings in Resources */,
				C99F274C17559B8B00720C95 /* Credits.rtf in Resources */,
			);
			runOnlyForDeploymentPostprocessing = 0;
		};
/* End PBXResourcesBuildPhase section */

/* Begin PBXSourcesBuildPhase section */
		C99F273617559B8B00720C95 /* Sources */ = {
			isa = PBXSourcesBuildPhase;
			buildActionMask = 2147483647;
			files = (
				C99F275717559C9200720C95 /* MHiTunesListener.m in Sources */,
				C99F274817559B8B00720C95 /* main.m in Sources */,
				C99F274F17559B8B00720C95 /* MHAppDelegate.m in Sources */,
				7BEE0A48AD8DF58C24A6C0AE /* MHSonoraListener.m in Sources */,
				7BEE03E0EB5EC3C0C9BBBC87 /* MHRequest.m in Sources */,
			);
			runOnlyForDeploymentPostprocessing = 0;
		};
/* End PBXSourcesBuildPhase section */

/* Begin PBXVariantGroup section */
		C99F274417559B8B00720C95 /* InfoPlist.strings */ = {
			isa = PBXVariantGroup;
			children = (
				C99F274517559B8B00720C95 /* en */,
			);
			name = InfoPlist.strings;
			sourceTree = "<group>";
		};
		C99F274A17559B8B00720C95 /* Credits.rtf */ = {
			isa = PBXVariantGroup;
			children = (
				C99F274B17559B8B00720C95 /* en */,
			);
			name = Credits.rtf;
			sourceTree = "<group>";
		};
/* End PBXVariantGroup section */

/* Begin XCBuildConfiguration section */
		C99F272A17558E6A00720C95 /* Debug */ = {
			isa = XCBuildConfiguration;
			buildSettings = {
				ALWAYS_SEARCH_USER_PATHS = NO;
				ARCHS = "$(ARCHS_STANDARD_64_BIT)";
				CLANG_CXX_LANGUAGE_STANDARD = "gnu++0x";
				CLANG_CXX_LIBRARY = "libc++";
				CLANG_ENABLE_OBJC_ARC = NO;
				CLANG_WARN_CONSTANT_CONVERSION = YES;
				CLANG_WARN_EMPTY_BODY = YES;
				CLANG_WARN_ENUM_CONVERSION = YES;
				CLANG_WARN_INT_CONVERSION = YES;
				CLANG_WARN__DUPLICATE_METHOD_MATCH = YES;
				COPY_PHASE_STRIP = NO;
				GCC_C_LANGUAGE_STANDARD = gnu99;
				GCC_DYNAMIC_NO_PIC = NO;
				GCC_ENABLE_OBJC_EXCEPTIONS = YES;
				GCC_OPTIMIZATION_LEVEL = 0;
				GCC_PREPROCESSOR_DEFINITIONS = (
					"DEBUG=1",
					"$(inherited)",
				);
				GCC_SYMBOLS_PRIVATE_EXTERN = NO;
				GCC_WARN_64_TO_32_BIT_CONVERSION = YES;
				GCC_WARN_ABOUT_RETURN_TYPE = YES;
				GCC_WARN_UNINITIALIZED_AUTOS = YES;
				GCC_WARN_UNUSED_VARIABLE = YES;
				MACOSX_DEPLOYMENT_TARGET = 10.8;
				ONLY_ACTIVE_ARCH = YES;
				SDKROOT = macosx;
			};
			name = Debug;
		};
		C99F272B17558E6A00720C95 /* Release */ = {
			isa = XCBuildConfiguration;
			buildSettings = {
				ALWAYS_SEARCH_USER_PATHS = NO;
				ARCHS = "$(ARCHS_STANDARD_64_BIT)";
				CLANG_CXX_LANGUAGE_STANDARD = "gnu++0x";
				CLANG_CXX_LIBRARY = "libc++";
				CLANG_ENABLE_OBJC_ARC = NO;
				CLANG_WARN_CONSTANT_CONVERSION = YES;
				CLANG_WARN_EMPTY_BODY = YES;
				CLANG_WARN_ENUM_CONVERSION = YES;
				CLANG_WARN_INT_CONVERSION = YES;
				CLANG_WARN__DUPLICATE_METHOD_MATCH = YES;
				COPY_PHASE_STRIP = YES;
				DEBUG_INFORMATION_FORMAT = "dwarf-with-dsym";
				GCC_C_LANGUAGE_STANDARD = gnu99;
				GCC_ENABLE_OBJC_EXCEPTIONS = YES;
				GCC_WARN_64_TO_32_BIT_CONVERSION = YES;
				GCC_WARN_ABOUT_RETURN_TYPE = YES;
				GCC_WARN_UNINITIALIZED_AUTOS = YES;
				GCC_WARN_UNUSED_VARIABLE = YES;
				MACOSX_DEPLOYMENT_TARGET = 10.8;
				SDKROOT = macosx;
			};
			name = Release;
		};
		C99F275417559B8B00720C95 /* Debug */ = {
			isa = XCBuildConfiguration;
			buildSettings = {
				COMBINE_HIDPI_IMAGES = YES;
				GCC_PRECOMPILE_PREFIX_HEADER = YES;
				GCC_PREFIX_HEADER = "MusicHUD/MusicHUD-Prefix.pch";
				INFOPLIST_FILE = "MusicHUD/MusicHUD-Info.plist";
				PRODUCT_NAME = "$(TARGET_NAME)";
				WRAPPER_EXTENSION = app;
			};
			name = Debug;
		};
		C99F275517559B8B00720C95 /* Release */ = {
			isa = XCBuildConfiguration;
			buildSettings = {
				COMBINE_HIDPI_IMAGES = YES;
				GCC_PRECOMPILE_PREFIX_HEADER = YES;
				GCC_PREFIX_HEADER = "MusicHUD/MusicHUD-Prefix.pch";
				INFOPLIST_FILE = "MusicHUD/MusicHUD-Info.plist";
				PRODUCT_NAME = "$(TARGET_NAME)";
				WRAPPER_EXTENSION = app;
			};
			name = Release;
		};
/* End XCBuildConfiguration section */

/* Begin XCConfigurationList section */
		C99F271917558E6A00720C95 /* Build configuration list for PBXProject "MusicHUD" */ = {
			isa = XCConfigurationList;
			buildConfigurations = (
				C99F272A17558E6A00720C95 /* Debug */,
				C99F272B17558E6A00720C95 /* Release */,
			);
			defaultConfigurationIsVisible = 0;
			defaultConfigurationName = Release;
		};
		C99F275317559B8B00720C95 /* Build configuration list for PBXNativeTarget "MusicHUD" */ = {
			isa = XCConfigurationList;
			buildConfigurations = (
				C99F275417559B8B00720C95 /* Debug */,
				C99F275517559B8B00720C95 /* Release */,
			);
			defaultConfigurationIsVisible = 0;
			defaultConfigurationName = Release;
		};
/* End XCConfigurationList section */
	};
	rootObject = C99F271617558E6A00720C95 /* Project object */;
}
